{
  "requires": true,
  "lockfileVersion": 1,
  "dependencies": {
    "puremvc-typescript-multicore": {
      "version": "1.1.2",
      "resolved": "https://registry.npmjs.org/puremvc-typescript-multicore/-/puremvc-typescript-multicore-1.1.2.tgz",
      "integrity": "sha1-Z/jHGGIuOpjqSDR30zaYynQ2aVU="
    }
  }
}
